// !$*UTF8*$!
{
	archiveVersion = 1;
	classes = {
	};
	objectVersion = 56;
	objects = {

/* Begin PBXBuildFile section */
		906BA1EC2B70F36500DF7A62 /* DatabaseManager.swift in Sources */ = {isa = PBXBuildFile; fileRef = 906BA1EB2B70F36500DF7A62 /* DatabaseManager.swift */; };
		906BA1EF2B70F6D200DF7A62 /* Extensions.swift in Sources */ = {isa = PBXBuildFile; fileRef = 906BA1EE2B70F6D200DF7A62 /* Extensions.swift */; };
		906BA1F42B7238D300DF7A62 /* CheckinViewModel.swift in Sources */ = {isa = PBXBuildFile; fileRef = 906BA1F32B7238D300DF7A62 /* CheckinViewModel.swift */; };
		906BA1FA2B72855E00DF7A62 /* InitVC.m in Sources */ = {isa = PBXBuildFile; fileRef = 906BA1F92B72855E00DF7A62 /* InitVC.m */; };
		908C3C492B738EB20027426C /* CheckinViewWrapper.swift in Sources */ = {isa = PBXBuildFile; fileRef = 908C3C482B738EB20027426C /* CheckinViewWrapper.swift */; };
		908FE65D2B70E11F0027CFAD /* AppDelegate.swift in Sources */ = {isa = PBXBuildFile; fileRef = 908FE65C2B70E11F0027CFAD /* AppDelegate.swift */; };
		908FE65F2B70E11F0027CFAD /* SceneDelegate.swift in Sources */ = {isa = PBXBuildFile; fileRef = 908FE65E2B70E11F0027CFAD /* SceneDelegate.swift */; };
		908FE6672B70E11F0027CFAD /* EmployeeCheckin.xcdatamodeld in Sources */ = {isa = PBXBuildFile; fileRef = 908FE6652B70E11F0027CFAD /* EmployeeCheckin.xcdatamodeld */; };
		908FE6692B70E1200027CFAD /* Assets.xcassets in Resources */ = {isa = PBXBuildFile; fileRef = 908FE6682B70E1200027CFAD /* Assets.xcassets */; };
		908FE66C2B70E1200027CFAD /* LaunchScreen.storyboard in Resources */ = {isa = PBXBuildFile; fileRef = 908FE66A2B70E1200027CFAD /* LaunchScreen.storyboard */; };
		908FE6772B70E1200027CFAD /* EmployeeCheckinTests.swift in Sources */ = {isa = PBXBuildFile; fileRef = 908FE6762B70E1200027CFAD /* EmployeeCheckinTests.swift */; };
		908FE6812B70E1200027CFAD /* EmployeeCheckinUITests.swift in Sources */ = {isa = PBXBuildFile; fileRef = 908FE6802B70E1200027CFAD /* EmployeeCheckinUITests.swift */; };
		908FE6832B70E1200027CFAD /* EmployeeCheckinUITestsLaunchTests.swift in Sources */ = {isa = PBXBuildFile; fileRef = 908FE6822B70E1200027CFAD /* EmployeeCheckinUITestsLaunchTests.swift */; };
		908FE6912B70E27E0027CFAD /* CheckinView.swift in Sources */ = {isa = PBXBuildFile; fileRef = 908FE6902B70E27E0027CFAD /* CheckinView.swift */; };
		908FE6932B70E41F0027CFAD /* NetworkingViewModel.swift in Sources */ = {isa = PBXBuildFile; fileRef = 908FE6922B70E41F0027CFAD /* NetworkingViewModel.swift */; };
/* End PBXBuildFile section */

/* Begin PBXContainerItemProxy section */
		908FE6732B70E1200027CFAD /* PBXContainerItemProxy */ = {
			isa = PBXContainerItemProxy;
			containerPortal = 908FE6512B70E11F0027CFAD /* Project object */;
			proxyType = 1;
			remoteGlobalIDString = 908FE6582B70E11F0027CFAD;
			remoteInfo = EmployeeCheckin;
		};
		908FE67D2B70E1200027CFAD /* PBXContainerItemProxy */ = {
			isa = PBXContainerItemProxy;
			containerPortal = 908FE6512B70E11F0027CFAD /* Project object */;
			proxyType = 1;
			remoteGlobalIDString = 908FE6582B70E11F0027CFAD;
			remoteInfo = EmployeeCheckin;
		};
/* End PBXContainerItemProxy section */

/* Begin PBXFileReference section */
		906BA1EB2B70F36500DF7A62 /* DatabaseManager.swift */ = {isa = PBXFileReference; lastKnownFileType = sourcecode.swift; path = DatabaseManager.swift; sourceTree = "<group>"; };
		906BA1EE2B70F6D200DF7A62 /* Extensions.swift */ = {isa = PBXFileReference; lastKnownFileType = sourcecode.swift; path = Extensions.swift; sourceTree = "<group>"; };
		906BA1F32B7238D300DF7A62 /* CheckinViewModel.swift */ = {isa = PBXFileReference; lastKnownFileType = sourcecode.swift; path = CheckinViewModel.swift; sourceTree = "<group>"; };
		906BA1F52B724B0500DF7A62 /* README.md */ = {isa = PBXFileReference; lastKnownFileType = net.daringfireball.markdown; path = README.md; sourceTree = "<group>"; };
		906BA1F82B72855D00DF7A62 /* EmployeeCheckin-Bridging-Header.h */ = {isa = PBXFileReference; lastKnownFileType = sourcecode.c.h; path = "EmployeeCheckin-Bridging-Header.h"; sourceTree = "<group>"; };
		906BA1F92B72855E00DF7A62 /* InitVC.m */ = {isa = PBXFileReference; lastKnownFileType = sourcecode.c.objc; path = InitVC.m; sourceTree = "<group>"; };
		906BA1FB2B7286A000DF7A62 /* InitVC.h */ = {isa = PBXFileReference; lastKnownFileType = sourcecode.c.h; path = InitVC.h; sourceTree = "<group>"; };
		908C3C482B738EB20027426C /* CheckinViewWrapper.swift */ = {isa = PBXFileReference; lastKnownFileType = sourcecode.swift; path = CheckinViewWrapper.swift; sourceTree = "<group>"; };
		908FE6592B70E11F0027CFAD /* EmployeeCheckin.app */ = {isa = PBXFileReference; explicitFileType = wrapper.application; includeInIndex = 0; path = EmployeeCheckin.app; sourceTree = BUILT_PRODUCTS_DIR; };
		908FE65C2B70E11F0027CFAD /* AppDelegate.swift */ = {isa = PBXFileReference; lastKnownFileType = sourcecode.swift; path = AppDelegate.swift; sourceTree = "<group>"; };
		908FE65E2B70E11F0027CFAD /* SceneDelegate.swift */ = {isa = PBXFileReference; lastKnownFileType = sourcecode.swift; path = SceneDelegate.swift; sourceTree = "<group>"; };
		908FE6662B70E11F0027CFAD /* EmployeeCheckin.xcdatamodel */ = {isa = PBXFileReference; lastKnownFileType = wrapper.xcdatamodel; path = EmployeeCheckin.xcdatamodel; sourceTree = "<group>"; };
		908FE6682B70E1200027CFAD /* Assets.xcassets */ = {isa = PBXFileReference; lastKnownFileType = folder.assetcatalog; path = Assets.xcassets; sourceTree = "<group>"; };
		908FE66B2B70E1200027CFAD /* Base */ = {isa = PBXFileReference; lastKnownFileType = file.storyboard; name = Base; path = Base.lproj/LaunchScreen.storyboard; sourceTree = "<group>"; };
		908FE66D2B70E1200027CFAD /* Info.plist */ = {isa = PBXFileReference; lastKnownFileType = text.plist.xml; path = Info.plist; sourceTree = "<group>"; };
		908FE6722B70E1200027CFAD /* EmployeeCheckinTests.xctest */ = {isa = PBXFileReference; explicitFileType = wrapper.cfbundle; includeInIndex = 0; path = EmployeeCheckinTests.xctest; sourceTree = BUILT_PRODUCTS_DIR; };
		908FE6762B70E1200027CFAD /* EmployeeCheckinTests.swift */ = {isa = PBXFileReference; lastKnownFileType = sourcecode.swift; path = EmployeeCheckinTests.swift; sourceTree = "<group>"; };
		908FE67C2B70E1200027CFAD /* EmployeeCheckinUITests.xctest */ = {isa = PBXFileReference; explicitFileType = wrapper.cfbundle; includeInIndex = 0; path = EmployeeCheckinUITests.xctest; sourceTree = BUILT_PRODUCTS_DIR; };
		908FE6802B70E1200027CFAD /* EmployeeCheckinUITests.swift */ = {isa = PBXFileReference; lastKnownFileType = sourcecode.swift; path = EmployeeCheckinUITests.swift; sourceTree = "<group>"; };
		908FE6822B70E1200027CFAD /* EmployeeCheckinUITestsLaunchTests.swift */ = {isa = PBXFileReference; lastKnownFileType = sourcecode.swift; path = EmployeeCheckinUITestsLaunchTests.swift; sourceTree = "<group>"; };
		908FE6902B70E27E0027CFAD /* CheckinView.swift */ = {isa = PBXFileReference; lastKnownFileType = sourcecode.swift; path = CheckinView.swift; sourceTree = "<group>"; };
		908FE6922B70E41F0027CFAD /* NetworkingViewModel.swift */ = {isa = PBXFileReference; lastKnownFileType = sourcecode.swift; path = NetworkingViewModel.swift; sourceTree = "<group>"; };
/* End PBXFileReference section */

/* Begin PBXFrameworksBuildPhase section */
		908FE6562B70E11F0027CFAD /* Frameworks */ = {
			isa = PBXFrameworksBuildPhase;
			buildActionMask = 2147483647;
			files = (
			);
			runOnlyForDeploymentPostprocessing = 0;
		};
		908FE66F2B70E1200027CFAD /* Frameworks */ = {
			isa = PBXFrameworksBuildPhase;
			buildActionMask = 2147483647;
			files = (
			);
			runOnlyForDeploymentPostprocessing = 0;
		};
		908FE6792B70E1200027CFAD /* Frameworks */ = {
			isa = PBXFrameworksBuildPhase;
			buildActionMask = 2147483647;
			files = (
			);
			runOnlyForDeploymentPostprocessing = 0;
		};
/* End PBXFrameworksBuildPhase section */

/* Begin PBXGroup section */
		906BA1E82B70F30B00DF7A62 /* Views */ = {
			isa = PBXGroup;
			children = (
				908FE6902B70E27E0027CFAD /* CheckinView.swift */,
				906BA1F92B72855E00DF7A62 /* InitVC.m */,
				906BA1F82B72855D00DF7A62 /* EmployeeCheckin-Bridging-Header.h */,
				906BA1FB2B7286A000DF7A62 /* InitVC.h */,
				908C3C482B738EB20027426C /* CheckinViewWrapper.swift */,
			);
			path = Views;
			sourceTree = "<group>";
		};
		906BA1EA2B70F33200DF7A62 /* LocalDatabase */ = {
			isa = PBXGroup;
			children = (
				908FE6652B70E11F0027CFAD /* EmployeeCheckin.xcdatamodeld */,
				906BA1EB2B70F36500DF7A62 /* DatabaseManager.swift */,
			);
			path = LocalDatabase;
			sourceTree = "<group>";
		};
		906BA1ED2B70F6C300DF7A62 /* Utilities */ = {
			isa = PBXGroup;
			children = (
				906BA1EE2B70F6D200DF7A62 /* Extensions.swift */,
			);
			path = Utilities;
			sourceTree = "<group>";
		};
		906BA1F22B7238A800DF7A62 /* ViewModels */ = {
			isa = PBXGroup;
			children = (
				906BA1F32B7238D300DF7A62 /* CheckinViewModel.swift */,
				908FE6922B70E41F0027CFAD /* NetworkingViewModel.swift */,
			);
			path = ViewModels;
			sourceTree = "<group>";
		};
		908FE6502B70E11F0027CFAD = {
			isa = PBXGroup;
			children = (
				908FE65B2B70E11F0027CFAD /* EmployeeCheckin */,
				908FE6752B70E1200027CFAD /* EmployeeCheckinTests */,
				908FE67F2B70E1200027CFAD /* EmployeeCheckinUITests */,
				908FE65A2B70E11F0027CFAD /* Products */,
			);
			sourceTree = "<group>";
		};
		908FE65A2B70E11F0027CFAD /* Products */ = {
			isa = PBXGroup;
			children = (
				908FE6592B70E11F0027CFAD /* EmployeeCheckin.app */,
				908FE6722B70E1200027CFAD /* EmployeeCheckinTests.xctest */,
				908FE67C2B70E1200027CFAD /* EmployeeCheckinUITests.xctest */,
			);
			name = Products;
			sourceTree = "<group>";
		};
		908FE65B2B70E11F0027CFAD /* EmployeeCheckin */ = {
			isa = PBXGroup;
			children = (
				906BA1F52B724B0500DF7A62 /* README.md */,
				908FE68F2B70E21B0027CFAD /* Delegates */,
				906BA1E82B70F30B00DF7A62 /* Views */,
				906BA1F22B7238A800DF7A62 /* ViewModels */,
				906BA1EA2B70F33200DF7A62 /* LocalDatabase */,
				906BA1ED2B70F6C300DF7A62 /* Utilities */,
				908FE6682B70E1200027CFAD /* Assets.xcassets */,
				908FE66A2B70E1200027CFAD /* LaunchScreen.storyboard */,
				908FE66D2B70E1200027CFAD /* Info.plist */,
			);
			path = EmployeeCheckin;
			sourceTree = "<group>";
		};
		908FE6752B70E1200027CFAD /* EmployeeCheckinTests */ = {
			isa = PBXGroup;
			children = (
				908FE6762B70E1200027CFAD /* EmployeeCheckinTests.swift */,
			);
			path = EmployeeCheckinTests;
			sourceTree = "<group>";
		};
		908FE67F2B70E1200027CFAD /* EmployeeCheckinUITests */ = {
			isa = PBXGroup;
			children = (
				908FE6802B70E1200027CFAD /* EmployeeCheckinUITests.swift */,
				908FE6822B70E1200027CFAD /* EmployeeCheckinUITestsLaunchTests.swift */,
			);
			path = EmployeeCheckinUITests;
			sourceTree = "<group>";
		};
		908FE68F2B70E21B0027CFAD /* Delegates */ = {
			isa = PBXGroup;
			children = (
				908FE65C2B70E11F0027CFAD /* AppDelegate.swift */,
				908FE65E2B70E11F0027CFAD /* SceneDelegate.swift */,
			);
			path = Delegates;
			sourceTree = "<group>";
		};
/* End PBXGroup section */

/* Begin PBXNativeTarget section */
		908FE6582B70E11F0027CFAD /* EmployeeCheckin */ = {
			isa = PBXNativeTarget;
			buildConfigurationList = 908FE6862B70E1200027CFAD /* Build configuration list for PBXNativeTarget "EmployeeCheckin" */;
			buildPhases = (
				908FE6552B70E11F0027CFAD /* Sources */,
				908FE6562B70E11F0027CFAD /* Frameworks */,
				908FE6572B70E11F0027CFAD /* Resources */,
			);
			buildRules = (
			);
			dependencies = (
			);
			name = EmployeeCheckin;
			productName = EmployeeCheckin;
			productReference = 908FE6592B70E11F0027CFAD /* EmployeeCheckin.app */;
			productType = "com.apple.product-type.application";
		};
		908FE6712B70E1200027CFAD /* EmployeeCheckinTests */ = {
			isa = PBXNativeTarget;
			buildConfigurationList = 908FE6892B70E1200027CFAD /* Build configuration list for PBXNativeTarget "EmployeeCheckinTests" */;
			buildPhases = (
				908FE66E2B70E1200027CFAD /* Sources */,
				908FE66F2B70E1200027CFAD /* Frameworks */,
				908FE6702B70E1200027CFAD /* Resources */,
			);
			buildRules = (
			);
			dependencies = (
				908FE6742B70E1200027CFAD /* PBXTargetDependency */,
			);
			name = EmployeeCheckinTests;
			productName = EmployeeCheckinTests;
			productReference = 908FE6722B70E1200027CFAD /* EmployeeCheckinTests.xctest */;
			productType = "com.apple.product-type.bundle.unit-test";
		};
		908FE67B2B70E1200027CFAD /* EmployeeCheckinUITests */ = {
			isa = PBXNativeTarget;
			buildConfigurationList = 908FE68C2B70E1200027CFAD /* Build configuration list for PBXNativeTarget "EmployeeCheckinUITests" */;
			buildPhases = (
				908FE6782B70E1200027CFAD /* Sources */,
				908FE6792B70E1200027CFAD /* Frameworks */,
				908FE67A2B70E1200027CFAD /* Resources */,
			);
			buildRules = (
			);
			dependencies = (
				908FE67E2B70E1200027CFAD /* PBXTargetDependency */,
			);
			name = EmployeeCheckinUITests;
			productName = EmployeeCheckinUITests;
			productReference = 908FE67C2B70E1200027CFAD /* EmployeeCheckinUITests.xctest */;
			productType = "com.apple.product-type.bundle.ui-testing";
		};
/* End PBXNativeTarget section */

/* Begin PBXProject section */
		908FE6512B70E11F0027CFAD /* Project object */ = {
			isa = PBXProject;
			attributes = {
				BuildIndependentTargetsInParallel = 1;
				LastSwiftUpdateCheck = 1510;
				LastUpgradeCheck = 1510;
				TargetAttributes = {
					908FE6582B70E11F0027CFAD = {
						CreatedOnToolsVersion = 15.1;
						LastSwiftMigration = 1510;
					};
					908FE6712B70E1200027CFAD = {
						CreatedOnToolsVersion = 15.1;
						TestTargetID = 908FE6582B70E11F0027CFAD;
					};
					908FE67B2B70E1200027CFAD = {
						CreatedOnToolsVersion = 15.1;
						TestTargetID = 908FE6582B70E11F0027CFAD;
					};
				};
			};
			buildConfigurationList = 908FE6542B70E11F0027CFAD /* Build configuration list for PBXProject "EmployeeCheckin" */;
			compatibilityVersion = "Xcode 14.0";
			developmentRegion = en;
			hasScannedForEncodings = 0;
			knownRegions = (
				en,
				Base,
			);
			mainGroup = 908FE6502B70E11F0027CFAD;
			productRefGroup = 908FE65A2B70E11F0027CFAD /* Products */;
			projectDirPath = "";
			projectRoot = "";
			targets = (
				908FE6582B70E11F0027CFAD /* EmployeeCheckin */,
				908FE6712B70E1200027CFAD /* EmployeeCheckinTests */,
				908FE67B2B70E1200027CFAD /* EmployeeCheckinUITests */,
			);
		};
/* End PBXProject section */

/* Begin PBXResourcesBuildPhase section */
		908FE6572B70E11F0027CFAD /* Resources */ = {
			isa = PBXResourcesBuildPhase;
			buildActionMask = 2147483647;
			files = (
				908FE66C2B70E1200027CFAD /* LaunchScreen.storyboard in Resources */,
				908FE6692B70E1200027CFAD /* Assets.xcassets in Resources */,
			);
			runOnlyForDeploymentPostprocessing = 0;
		};
		908FE6702B70E1200027CFAD /* Resources */ = {
			isa = PBXResourcesBuildPhase;
			buildActionMask = 2147483647;
			files = (
			);
			runOnlyForDeploymentPostprocessing = 0;
		};
		908FE67A2B70E1200027CFAD /* Resources */ = {
			isa = PBXResourcesBuildPhase;
			buildActionMask = 2147483647;
			files = (
			);
			runOnlyForDeploymentPostprocessing = 0;
		};
/* End PBXResourcesBuildPhase section */

/* Begin PBXSourcesBuildPhase section */
		908FE6552B70E11F0027CFAD /* Sources */ = {
			isa = PBXSourcesBuildPhase;
			buildActionMask = 2147483647;
			files = (
				908FE6932B70E41F0027CFAD /* NetworkingViewModel.swift in Sources */,
				906BA1F42B7238D300DF7A62 /* CheckinViewModel.swift in Sources */,
				908FE6672B70E11F0027CFAD /* EmployeeCheckin.xcdatamodeld in Sources */,
				906BA1EF2B70F6D200DF7A62 /* Extensions.swift in Sources */,
				908FE65D2B70E11F0027CFAD /* AppDelegate.swift in Sources */,
				908FE6912B70E27E0027CFAD /* CheckinView.swift in Sources */,
				908C3C492B738EB20027426C /* CheckinViewWrapper.swift in Sources */,
				908FE65F2B70E11F0027CFAD /* SceneDelegate.swift in Sources */,
				906BA1FA2B72855E00DF7A62 /* InitVC.m in Sources */,
				906BA1EC2B70F36500DF7A62 /* DatabaseManager.swift in Sources */,
			);
			runOnlyForDeploymentPostprocessing = 0;
		};
		908FE66E2B70E1200027CFAD /* Sources */ = {
			isa = PBXSourcesBuildPhase;
			buildActionMask = 2147483647;
			files = (
				908FE6772B70E1200027CFAD /* EmployeeCheckinTests.swift in Sources */,
			);
			runOnlyForDeploymentPostprocessing = 0;
		};
		908FE6782B70E1200027CFAD /* Sources */ = {
			isa = PBXSourcesBuildPhase;
			buildActionMask = 2147483647;
			files = (
				908FE6832B70E1200027CFAD /* EmployeeCheckinUITestsLaunchTests.swift in Sources */,
				908FE6812B70E1200027CFAD /* EmployeeCheckinUITests.swift in Sources */,
			);
			runOnlyForDeploymentPostprocessing = 0;
		};
/* End PBXSourcesBuildPhase section */

/* Begin PBXTargetDependency section */
		908FE6742B70E1200027CFAD /* PBXTargetDependency */ = {
			isa = PBXTargetDependency;
			target = 908FE6582B70E11F0027CFAD /* EmployeeCheckin */;
			targetProxy = 908FE6732B70E1200027CFAD /* PBXContainerItemProxy */;
		};
		908FE67E2B70E1200027CFAD /* PBXTargetDependency */ = {
			isa = PBXTargetDependency;
			target = 908FE6582B70E11F0027CFAD /* EmployeeCheckin */;
			targetProxy = 908FE67D2B70E1200027CFAD /* PBXContainerItemProxy */;
		};
/* End PBXTargetDependency section */

/* Begin PBXVariantGroup section */
		908FE66A2B70E1200027CFAD /* LaunchScreen.storyboard */ = {
			isa = PBXVariantGroup;
			children = (
				908FE66B2B70E1200027CFAD /* Base */,
			);
			name = LaunchScreen.storyboard;
			sourceTree = "<group>";
		};
/* End PBXVariantGroup section */

/* Begin XCBuildConfiguration section */
		908FE6842B70E1200027CFAD /* Debug */ = {
			isa = XCBuildConfiguration;
			buildSettings = {
				ALWAYS_SEARCH_USER_PATHS = NO;
				ASSETCATALOG_COMPILER_GENERATE_SWIFT_ASSET_SYMBOL_EXTENSIONS = YES;
				CLANG_ANALYZER_NONNULL = YES;
				CLANG_ANALYZER_NUMBER_OBJECT_CONVERSION = YES_AGGRESSIVE;
				CLANG_CXX_LANGUAGE_STANDARD = "gnu++20";
				CLANG_ENABLE_MODULES = YES;
				CLANG_ENABLE_OBJC_ARC = YES;
				CLANG_ENABLE_OBJC_WEAK = YES;
				CLANG_WARN_BLOCK_CAPTURE_AUTORELEASING = YES;
				CLANG_WARN_BOOL_CONVERSION = YES;
				CLANG_WARN_COMMA = YES;
				CLANG_WARN_CONSTANT_CONVERSION = YES;
				CLANG_WARN_DEPRECATED_OBJC_IMPLEMENTATIONS = YES;
				CLANG_WARN_DIRECT_OBJC_ISA_USAGE = YES_ERROR;
				CLANG_WARN_DOCUMENTATION_COMMENTS = YES;
				CLANG_WARN_EMPTY_BODY = YES;
				CLANG_WARN_ENUM_CONVERSION = YES;
				CLANG_WARN_INFINITE_RECURSION = YES;
				CLANG_WARN_INT_CONVERSION = YES;
				CLANG_WARN_NON_LITERAL_NULL_CONVERSION = YES;
				CLANG_WARN_OBJC_IMPLICIT_RETAIN_SELF = YES;
				CLANG_WARN_OBJC_LITERAL_CONVERSION = YES;
				CLANG_WARN_OBJC_ROOT_CLASS = YES_ERROR;
				CLANG_WARN_QUOTED_INCLUDE_IN_FRAMEWORK_HEADER = YES;
				CLANG_WARN_RANGE_LOOP_ANALYSIS = YES;
				CLANG_WARN_STRICT_PROTOTYPES = YES;
				CLANG_WARN_SUSPICIOUS_MOVE = YES;
				CLANG_WARN_UNGUARDED_AVAILABILITY = YES_AGGRESSIVE;
				CLANG_WARN_UNREACHABLE_CODE = YES;
				CLANG_WARN__DUPLICATE_METHOD_MATCH = YES;
				COPY_PHASE_STRIP = NO;
				DEBUG_INFORMATION_FORMAT = dwarf;
				DEFINES_MODULE = YES;
				ENABLE_STRICT_OBJC_MSGSEND = YES;
				ENABLE_TESTABILITY = YES;
				ENABLE_USER_SCRIPT_SANDBOXING = YES;
				GCC_C_LANGUAGE_STANDARD = gnu17;
				GCC_DYNAMIC_NO_PIC = NO;
				GCC_NO_COMMON_BLOCKS = YES;
				GCC_OPTIMIZATION_LEVEL = 0;
				GCC_PREPROCESSOR_DEFINITIONS = (
					"DEBUG=1",
					"$(inherited)",
				);
				GCC_WARN_64_TO_32_BIT_CONVERSION = YES;
				GCC_WARN_ABOUT_RETURN_TYPE = YES_ERROR;
				GCC_WARN_UNDECLARED_SELECTOR = YES;
				GCC_WARN_UNINITIALIZED_AUTOS = YES_AGGRESSIVE;
				GCC_WARN_UNUSED_FUNCTION = YES;
				GCC_WARN_UNUSED_VARIABLE = YES;
				IPHONEOS_DEPLOYMENT_TARGET = 16.0;
				LOCALIZATION_PREFERS_STRING_CATALOGS = YES;
				MTL_ENABLE_DEBUG_INFO = INCLUDE_SOURCE;
				MTL_FAST_MATH = YES;
				ONLY_ACTIVE_ARCH = YES;
				SDKROOT = iphoneos;
				SWIFT_ACTIVE_COMPILATION_CONDITIONS = "DEBUG $(inherited)";
				SWIFT_OPTIMIZATION_LEVEL = "-Onone";
			};
			name = Debug;
		};
		908FE6852B70E1200027CFAD /* Release */ = {
			isa = XCBuildConfiguration;
			buildSettings = {
				ALWAYS_SEARCH_USER_PATHS = NO;
				ASSETCATALOG_COMPILER_GENERATE_SWIFT_ASSET_SYMBOL_EXTENSIONS = YES;
				CLANG_ANALYZER_NONNULL = YES;
				CLANG_ANALYZER_NUMBER_OBJECT_CONVERSION = YES_AGGRESSIVE;
				CLANG_CXX_LANGUAGE_STANDARD = "gnu++20";
				CLANG_ENABLE_MODULES = YES;
				CLANG_ENABLE_OBJC_ARC = YES;
				CLANG_ENABLE_OBJC_WEAK = YES;
				CLANG_WARN_BLOCK_CAPTURE_AUTORELEASING = YES;
				CLANG_WARN_BOOL_CONVERSION = YES;
				CLANG_WARN_COMMA = YES;
				CLANG_WARN_CONSTANT_CONVERSION = YES;
				CLANG_WARN_DEPRECATED_OBJC_IMPLEMENTATIONS = YES;
				CLANG_WARN_DIRECT_OBJC_ISA_USAGE = YES_ERROR;
				CLANG_WARN_DOCUMENTATION_COMMENTS = YES;
				CLANG_WARN_EMPTY_BODY = YES;
				CLANG_WARN_ENUM_CONVERSION = YES;
				CLANG_WARN_INFINITE_RECURSION = YES;
				CLANG_WARN_INT_CONVERSION = YES;
				CLANG_WARN_NON_LITERAL_NULL_CONVERSION = YES;
				CLANG_WARN_OBJC_IMPLICIT_RETAIN_SELF = YES;
				CLANG_WARN_OBJC_LITERAL_CONVERSION = YES;
				CLANG_WARN_OBJC_ROOT_CLASS = YES_ERROR;
				CLANG_WARN_QUOTED_INCLUDE_IN_FRAMEWORK_HEADER = YES;
				CLANG_WARN_RANGE_LOOP_ANALYSIS = YES;
				CLANG_WARN_STRICT_PROTOTYPES = YES;
				CLANG_WARN_SUSPICIOUS_MOVE = YES;
				CLANG_WARN_UNGUARDED_AVAILABILITY = YES_AGGRESSIVE;
				CLANG_WARN_UNREACHABLE_CODE = YES;
				CLANG_WARN__DUPLICATE_METHOD_MATCH = YES;
				COPY_PHASE_STRIP = NO;
				DEBUG_INFORMATION_FORMAT = "dwarf-with-dsym";
				DEFINES_MODULE = YES;
				ENABLE_NS_ASSERTIONS = NO;
				ENABLE_STRICT_OBJC_MSGSEND = YES;
				ENABLE_USER_SCRIPT_SANDBOXING = YES;
				GCC_C_LANGUAGE_STANDARD = gnu17;
				GCC_NO_COMMON_BLOCKS = YES;
				GCC_WARN_64_TO_32_BIT_CONVERSION = YES;
				GCC_WARN_ABOUT_RETURN_TYPE = YES_ERROR;
				GCC_WARN_UNDECLARED_SELECTOR = YES;
				GCC_WARN_UNINITIALIZED_AUTOS = YES_AGGRESSIVE;
				GCC_WARN_UNUSED_FUNCTION = YES;
				GCC_WARN_UNUSED_VARIABLE = YES;
				IPHONEOS_DEPLOYMENT_TARGET = 16.0;
				LOCALIZATION_PREFERS_STRING_CATALOGS = YES;
				MTL_ENABLE_DEBUG_INFO = NO;
				MTL_FAST_MATH = YES;
				SDKROOT = iphoneos;
				SWIFT_COMPILATION_MODE = wholemodule;
				VALIDATE_PRODUCT = YES;
			};
			name = Release;
		};
		908FE6872B70E1200027CFAD /* Debug */ = {
			isa = XCBuildConfiguration;
			buildSettings = {
				ASSETCATALOG_COMPILER_APPICON_NAME = AppIcon;
				ASSETCATALOG_COMPILER_GLOBAL_ACCENT_COLOR_NAME = AccentColor;
				CLANG_ENABLE_MODULES = YES;
				CODE_SIGN_STYLE = Automatic;
				CURRENT_PROJECT_VERSION = 1;
				DEVELOPMENT_TEAM = 2Q6783FX5A;
				GENERATE_INFOPLIST_FILE = YES;
				INFOPLIST_FILE = EmployeeCheckin/Info.plist;
				INFOPLIST_KEY_UIApplicationSupportsIndirectInputEvents = YES;
				INFOPLIST_KEY_UILaunchStoryboardName = LaunchScreen;
				INFOPLIST_KEY_UISupportedInterfaceOrientations_iPad = "UIInterfaceOrientationPortrait UIInterfaceOrientationPortraitUpsideDown UIInterfaceOrientationLandscapeLeft UIInterfaceOrientationLandscapeRight";
				INFOPLIST_KEY_UISupportedInterfaceOrientations_iPhone = "UIInterfaceOrientationPortrait UIInterfaceOrientationLandscapeLeft UIInterfaceOrientationLandscapeRight";
				LD_RUNPATH_SEARCH_PATHS = (
					"$(inherited)",
					"@executable_path/Frameworks",
				);
				MARKETING_VERSION = 1.0;
				PRODUCT_BUNDLE_IDENTIFIER = com.megisila.EmployeeCheckin;
				PRODUCT_NAME = "$(TARGET_NAME)";
				SWIFT_EMIT_LOC_STRINGS = YES;
				SWIFT_OBJC_BRIDGING_HEADER = "EmployeeCheckin/Views/EmployeeCheckin-Bridging-Header.h";
				SWIFT_OPTIMIZATION_LEVEL = "-Onone";
				SWIFT_VERSION = 5.0;
				TARGETED_DEVICE_FAMILY = "1,2";
			};
			name = Debug;
		};
		908FE6882B70E1200027CFAD /* Release */ = {
			isa = XCBuildConfiguration;
			buildSettings = {
				ASSETCATALOG_COMPILER_APPICON_NAME = AppIcon;
				ASSETCATALOG_COMPILER_GLOBAL_ACCENT_COLOR_NAME = AccentColor;
				CLANG_ENABLE_MODULES = YES;
				CODE_SIGN_STYLE = Automatic;
				CURRENT_PROJECT_VERSION = 1;
				DEVELOPMENT_TEAM = 2Q6783FX5A;
				GENERATE_INFOPLIST_FILE = YES;
				INFOPLIST_FILE = EmployeeCheckin/Info.plist;
				INFOPLIST_KEY_UIApplicationSupportsIndirectInputEvents = YES;
				INFOPLIST_KEY_UILaunchStoryboardName = LaunchScreen;
				INFOPLIST_KEY_UISupportedInterfaceOrientations_iPad = "UIInterfaceOrientationPortrait UIInterfaceOrientationPortraitUpsideDown UIInterfaceOrientationLandscapeLeft UIInterfaceOrientationLandscapeRight";
				INFOPLIST_KEY_UISupportedInterfaceOrientations_iPhone = "UIInterfaceOrientationPortrait UIInterfaceOrientationLandscapeLeft UIInterfaceOrientationLandscapeRight";
				LD_RUNPATH_SEARCH_PATHS = (
					"$(inherited)",
					"@executable_path/Frameworks",
				);
				MARKETING_VERSION = 1.0;
				PRODUCT_BUNDLE_IDENTIFIER = com.megisila.EmployeeCheckin;
				PRODUCT_NAME = "$(TARGET_NAME)";
				SWIFT_EMIT_LOC_STRINGS = YES;
				SWIFT_OBJC_BRIDGING_HEADER = "EmployeeCheckin/Views/EmployeeCheckin-Bridging-Header.h";
				SWIFT_VERSION = 5.0;
				TARGETED_DEVICE_FAMILY = "1,2";
			};
			name = Release;
		};
		908FE68A2B70E1200027CFAD /* Debug */ = {
			isa = XCBuildConfiguration;
			buildSettings = {
				ALWAYS_EMBED_SWIFT_STANDARD_LIBRARIES = YES;
				BUNDLE_LOADER = "$(TEST_HOST)";
				CODE_SIGN_STYLE = Automatic;
				CURRENT_PROJECT_VERSION = 1;
				GENERATE_INFOPLIST_FILE = YES;
				IPHONEOS_DEPLOYMENT_TARGET = 17.2;
				MARKETING_VERSION = 1.0;
				PRODUCT_BUNDLE_IDENTIFIER = com.megisila.EmployeeCheckinTests;
				PRODUCT_NAME = "$(TARGET_NAME)";
				SWIFT_EMIT_LOC_STRINGS = NO;
				SWIFT_VERSION = 5.0;
				TARGETED_DEVICE_FAMILY = "1,2";
				TEST_HOST = "$(BUILT_PRODUCTS_DIR)/EmployeeCheckin.app/$(BUNDLE_EXECUTABLE_FOLDER_PATH)/EmployeeCheckin";
			};
			name = Debug;
		};
		908FE68B2B70E1200027CFAD /* Release */ = {
			isa = XCBuildConfiguration;
			buildSettings = {
				ALWAYS_EMBED_SWIFT_STANDARD_LIBRARIES = YES;
				BUNDLE_LOADER = "$(TEST_HOST)";
				CODE_SIGN_STYLE = Automatic;
				CURRENT_PROJECT_VERSION = 1;
				GENERATE_INFOPLIST_FILE = YES;
				IPHONEOS_DEPLOYMENT_TARGET = 17.2;
				MARKETING_VERSION = 1.0;
				PRODUCT_BUNDLE_IDENTIFIER = com.megisila.EmployeeCheckinTests;
				PRODUCT_NAME = "$(TARGET_NAME)";
				SWIFT_EMIT_LOC_STRINGS = NO;
				SWIFT_VERSION = 5.0;
				TARGETED_DEVICE_FAMILY = "1,2";
				TEST_HOST = "$(BUILT_PRODUCTS_DIR)/EmployeeCheckin.app/$(BUNDLE_EXECUTABLE_FOLDER_PATH)/EmployeeCheckin";
			};
			name = Release;
		};
		908FE68D2B70E1200027CFAD /* Debug */ = {
			isa = XCBuildConfiguration;
			buildSettings = {
				ALWAYS_EMBED_SWIFT_STANDARD_LIBRARIES = YES;
				CODE_SIGN_STYLE = Automatic;
				CURRENT_PROJECT_VERSION = 1;
				GENERATE_INFOPLIST_FILE = YES;
				MARKETING_VERSION = 1.0;
				PRODUCT_BUNDLE_IDENTIFIER = com.megisila.EmployeeCheckinUITests;
				PRODUCT_NAME = "$(TARGET_NAME)";
				SWIFT_EMIT_LOC_STRINGS = NO;
				SWIFT_VERSION = 5.0;
				TARGETED_DEVICE_FAMILY = "1,2";
				TEST_TARGET_NAME = EmployeeCheckin;
			};
			name = Debug;
		};
		908FE68E2B70E1200027CFAD /* Release */ = {
			isa = XCBuildConfiguration;
			buildSettings = {
				ALWAYS_EMBED_SWIFT_STANDARD_LIBRARIES = YES;
				CODE_SIGN_STYLE = Automatic;
				CURRENT_PROJECT_VERSION = 1;
				GENERATE_INFOPLIST_FILE = YES;
				MARKETING_VERSION = 1.0;
				PRODUCT_BUNDLE_IDENTIFIER = com.megisila.EmployeeCheckinUITests;
				PRODUCT_NAME = "$(TARGET_NAME)";
				SWIFT_EMIT_LOC_STRINGS = NO;
				SWIFT_VERSION = 5.0;
				TARGETED_DEVICE_FAMILY = "1,2";
				TEST_TARGET_NAME = EmployeeCheckin;
			};
			name = Release;
		};
/* End XCBuildConfiguration section */

/* Begin XCConfigurationList section */
		908FE6542B70E11F0027CFAD /* Build configuration list for PBXProject "EmployeeCheckin" */ = {
			isa = XCConfigurationList;
			buildConfigurations = (
				908FE6842B70E1200027CFAD /* Debug */,
				908FE6852B70E1200027CFAD /* Release */,
			);
			defaultConfigurationIsVisible = 0;
			defaultConfigurationName = Release;
		};
		908FE6862B70E1200027CFAD /* Build configuration list for PBXNativeTarget "EmployeeCheckin" */ = {
			isa = XCConfigurationList;
			buildConfigurations = (
				908FE6872B70E1200027CFAD /* Debug */,
				908FE6882B70E1200027CFAD /* Release */,
			);
			defaultConfigurationIsVisible = 0;
			defaultConfigurationName = Release;
		};
		908FE6892B70E1200027CFAD /* Build configuration list for PBXNativeTarget "EmployeeCheckinTests" */ = {
			isa = XCConfigurationList;
			buildConfigurations = (
				908FE68A2B70E1200027CFAD /* Debug */,
				908FE68B2B70E1200027CFAD /* Release */,
			);
			defaultConfigurationIsVisible = 0;
			defaultConfigurationName = Release;
		};
		908FE68C2B70E1200027CFAD /* Build configuration list for PBXNativeTarget "EmployeeCheckinUITests" */ = {
			isa = XCConfigurationList;
			buildConfigurations = (
				908FE68D2B70E1200027CFAD /* Debug */,
				908FE68E2B70E1200027CFAD /* Release */,
			);
			defaultConfigurationIsVisible = 0;
			defaultConfigurationName = Release;
		};
/* End XCConfigurationList section */

/* Begin XCVersionGroup section */
		908FE6652B70E11F0027CFAD /* EmployeeCheckin.xcdatamodeld */ = {
			isa = XCVersionGroup;
			children = (
				908FE6662B70E11F0027CFAD /* EmployeeCheckin.xcdatamodel */,
			);
			currentVersion = 908FE6662B70E11F0027CFAD /* EmployeeCheckin.xcdatamodel */;
			path = EmployeeCheckin.xcdatamodeld;
			sourceTree = "<group>";
			versionGroupType = wrapper.xcdatamodel;
		};
/* End XCVersionGroup section */
	};
	rootObject = 908FE6512B70E11F0027CFAD /* Project object */;
}
